
Microsoft Visual Studio Solution File, Format Version 12.00
# Visual Studio Version 17
VisualStudioVersion = 17.0.31903.59
MinimumVisualStudioVersion = 10.0.40219.1
Project("{FAE04EC0-301F-11D3-BF4B-00C04F79EFBC}") = "River.API", "River.API\River.API.csproj", "{DB4431E0-7875-47D0-8269-EF0B611E308D}"
EndProject
Project("{FAE04EC0-301F-11D3-BF4B-00C04F79EFBC}") = "River.Tests", "River.Tests\River.Tests.csproj", "{2DF577CD-576D-4E0B-AE50-EDAE69CF5428}"
EndProject
Global
	GlobalSection(SolutionConfigurationPlatforms) = preSolution
		Debug|Any CPU = Debug|Any CPU
		Release|Any CPU = Release|Any CPU
	EndGlobalSection
	GlobalSection(SolutionProperties) = preSolution
		HideSolutionNode = FALSE
	EndGlobalSection
	GlobalSection(ProjectConfigurationPlatforms) = postSolution
		{DB4431E0-7875-47D0-8269-EF0B611E308D}.Debug|Any CPU.ActiveCfg = Debug|Any CPU
		{DB4431E0-7875-47D0-8269-EF0B611E308D}.Debug|Any CPU.Build.0 = Debug|Any CPU
		{DB4431E0-7875-47D0-8269-EF0B611E308D}.Release|Any CPU.ActiveCfg = Release|Any CPU
		{DB4431E0-7875-47D0-8269-EF0B611E308D}.Release|Any CPU.Build.0 = Release|Any CPU
		{2DF577CD-576D-4E0B-AE50-EDAE69CF5428}.Debug|Any CPU.ActiveCfg = Debug|Any CPU
		{2DF577CD-576D-4E0B-AE50-EDAE69CF5428}.Debug|Any CPU.Build.0 = Debug|Any CPU
		{2DF577CD-576D-4E0B-AE50-EDAE69CF5428}.Release|Any CPU.ActiveCfg = Release|Any CPU
		{2DF577CD-576D-4E0B-AE50-EDAE69CF5428}.Release|Any CPU.Build.0 = Release|Any CPU
	EndGlobalSection
EndGlobal
